{
  "name": "NewProject",
  "lockfileVersion": 3,
  "requires": true,
  "packages": {
    "": {
      "name": "NewProject",
      "dependencies": {
        "@datatower-ai/sdk-core-js": "file:../../bundle/"
      }
    },
    "../../bundle": {
      "name": "@datatower-ai/sdk-core-js",
      "version": "1.0.0",
      "license": "BSD-3-Clause",
      "dependencies": {
        "crypto-es": "^2.1.0"
      },
      "devDependencies": {
        "@types/adm-zip": "^0.5.5",
        "@types/inquirer": "^9.0.7",
        "@types/node": "^20.11.30",
        "adm-zip": "^0.5.12",
        "inquirer": "^9.2.20",
        "prettier": "^3.2.5",
        "tsup": "^8.0.2",
        "typescript": "^5.4.3"
      },
      "engines": {
        "node": ">=16.0.0"
      }
    },
    "node_modules/@datatower-ai/sdk-core-js": {
      "resolved": "../../bundle",
      "link": true
    }
  }
}
